// !$*UTF8*$!
{
	archiveVersion = 1;
	classes = {
	};
	objectVersion = 51;
	objects = {

/* Begin PBXBuildFile section */
		18B677FD26110AD900E3B7E7 /* AppDelegate.swift in Sources */ = {isa = PBXBuildFile; fileRef = 18B677FC26110AD900E3B7E7 /* AppDelegate.swift */; };
		18B677FF26110AD900E3B7E7 /* RestaurantsViewController.swift in Sources */ = {isa = PBXBuildFile; fileRef = 18B677FE26110AD900E3B7E7 /* RestaurantsViewController.swift */; };
		18B6780226110AD900E3B7E7 /* Main.storyboard in Resources */ = {isa = PBXBuildFile; fileRef = 18B6780026110AD900E3B7E7 /* Main.storyboard */; };
		18B6780426110AD900E3B7E7 /* Assets.xcassets in Resources */ = {isa = PBXBuildFile; fileRef = 18B6780326110AD900E3B7E7 /* Assets.xcassets */; };
		18B6780726110AD900E3B7E7 /* LaunchScreen.storyboard in Resources */ = {isa = PBXBuildFile; fileRef = 18B6780526110AD900E3B7E7 /* LaunchScreen.storyboard */; };
		18B678152611394B00E3B7E7 /* CustomTableViewCell.swift in Sources */ = {isa = PBXBuildFile; fileRef = 18B678142611394B00E3B7E7 /* CustomTableViewCell.swift */; };
		3054C6B82629FBD400D6BE7E /* RestaurantDetailViewController.swift in Sources */ = {isa = PBXBuildFile; fileRef = 3054C6B72629FBD400D6BE7E /* RestaurantDetailViewController.swift */; };
		3095CA922629C533000C4A26 /* RoundBackButton.swift in Sources */ = {isa = PBXBuildFile; fileRef = 3095CA912629C533000C4A26 /* RoundBackButton.swift */; };
		8113BC8A7B971F4B5AB9DD5F /* Pods_RestGuide.framework in Frameworks */ = {isa = PBXBuildFile; fileRef = 9B0181AFE5B8799C30654F24 /* Pods_RestGuide.framework */; };
		944D6ED026223BD200876190 /* SearchRestaurantViewController.swift in Sources */ = {isa = PBXBuildFile; fileRef = 944D6ECF26223BD200876190 /* SearchRestaurantViewController.swift */; };
		94BE7DDC2621ED46008673E4 /* global.swift in Sources */ = {isa = PBXBuildFile; fileRef = 94BE7DDB2621ED46008673E4 /* global.swift */; };
		94BE7DF42622117C008673E4 /* CosmosDistrib.swift in Sources */ = {isa = PBXBuildFile; fileRef = 94BE7DF32622117C008673E4 /* CosmosDistrib.swift */; };
		94F10D3A2620EAED0063A25E /* DB.swift in Sources */ = {isa = PBXBuildFile; fileRef = 94F10D392620EAED0063A25E /* DB.swift */; };
		94F10D402620F1A50063A25E /* AddRestaurantsViewController.swift in Sources */ = {isa = PBXBuildFile; fileRef = 94F10D3F2620F1A50063A25E /* AddRestaurantsViewController.swift */; };
/* End PBXBuildFile section */

/* Begin PBXFileReference section */
		18B677F926110AD800E3B7E7 /* RestGuide.app */ = {isa = PBXFileReference; explicitFileType = wrapper.application; includeInIndex = 0; path = RestGuide.app; sourceTree = BUILT_PRODUCTS_DIR; };
		18B677FC26110AD900E3B7E7 /* AppDelegate.swift */ = {isa = PBXFileReference; lastKnownFileType = sourcecode.swift; path = AppDelegate.swift; sourceTree = "<group>"; };
		18B677FE26110AD900E3B7E7 /* RestaurantsViewController.swift */ = {isa = PBXFileReference; lastKnownFileType = sourcecode.swift; path = RestaurantsViewController.swift; sourceTree = "<group>"; };
		18B6780126110AD900E3B7E7 /* Base */ = {isa = PBXFileReference; lastKnownFileType = file.storyboard; name = Base; path = Base.lproj/Main.storyboard; sourceTree = "<group>"; };
		18B6780326110AD900E3B7E7 /* Assets.xcassets */ = {isa = PBXFileReference; lastKnownFileType = folder.assetcatalog; path = Assets.xcassets; sourceTree = "<group>"; };
		18B6780626110AD900E3B7E7 /* Base */ = {isa = PBXFileReference; lastKnownFileType = file.storyboard; name = Base; path = Base.lproj/LaunchScreen.storyboard; sourceTree = "<group>"; };
		18B6780826110AD900E3B7E7 /* Info.plist */ = {isa = PBXFileReference; lastKnownFileType = text.plist.xml; path = Info.plist; sourceTree = "<group>"; };
		18B678142611394B00E3B7E7 /* CustomTableViewCell.swift */ = {isa = PBXFileReference; lastKnownFileType = sourcecode.swift; path = CustomTableViewCell.swift; sourceTree = "<group>"; };
		3054C6B72629FBD400D6BE7E /* RestaurantDetailViewController.swift */ = {isa = PBXFileReference; lastKnownFileType = sourcecode.swift; path = RestaurantDetailViewController.swift; sourceTree = "<group>"; };
		3095CA912629C533000C4A26 /* RoundBackButton.swift */ = {isa = PBXFileReference; lastKnownFileType = sourcecode.swift; path = RoundBackButton.swift; sourceTree = "<group>"; };
		944D6ECF26223BD200876190 /* SearchRestaurantViewController.swift */ = {isa = PBXFileReference; lastKnownFileType = sourcecode.swift; path = SearchRestaurantViewController.swift; sourceTree = "<group>"; };
		94BE7DDB2621ED46008673E4 /* global.swift */ = {isa = PBXFileReference; lastKnownFileType = sourcecode.swift; path = global.swift; sourceTree = "<group>"; };
		94BE7DF32622117C008673E4 /* CosmosDistrib.swift */ = {isa = PBXFileReference; fileEncoding = 4; lastKnownFileType = sourcecode.swift; path = CosmosDistrib.swift; sourceTree = "<group>"; };
		94F10D392620EAED0063A25E /* DB.swift */ = {isa = PBXFileReference; fileEncoding = 4; lastKnownFileType = sourcecode.swift; path = DB.swift; sourceTree = "<group>"; };
		94F10D3F2620F1A50063A25E /* AddRestaurantsViewController.swift */ = {isa = PBXFileReference; lastKnownFileType = sourcecode.swift; path = AddRestaurantsViewController.swift; sourceTree = "<group>"; };
		94FE11DFC0AFD249534D6ED1 /* Pods-RestGuide.debug.xcconfig */ = {isa = PBXFileReference; includeInIndex = 1; lastKnownFileType = text.xcconfig; name = "Pods-RestGuide.debug.xcconfig"; path = "Target Support Files/Pods-RestGuide/Pods-RestGuide.debug.xcconfig"; sourceTree = "<group>"; };
		9B0181AFE5B8799C30654F24 /* Pods_RestGuide.framework */ = {isa = PBXFileReference; explicitFileType = wrapper.framework; includeInIndex = 0; path = Pods_RestGuide.framework; sourceTree = BUILT_PRODUCTS_DIR; };
		9E2B917900A2FABE1D4C0424 /* Pods-RestGuide.release.xcconfig */ = {isa = PBXFileReference; includeInIndex = 1; lastKnownFileType = text.xcconfig; name = "Pods-RestGuide.release.xcconfig"; path = "Target Support Files/Pods-RestGuide/Pods-RestGuide.release.xcconfig"; sourceTree = "<group>"; };
/* End PBXFileReference section */

/* Begin PBXFrameworksBuildPhase section */
		18B677F626110AD800E3B7E7 /* Frameworks */ = {
			isa = PBXFrameworksBuildPhase;
			buildActionMask = 2147483647;
			files = (
				8113BC8A7B971F4B5AB9DD5F /* Pods_RestGuide.framework in Frameworks */,
			);
			runOnlyForDeploymentPostprocessing = 0;
		};
/* End PBXFrameworksBuildPhase section */

/* Begin PBXGroup section */
		18B677F026110AD800E3B7E7 = {
			isa = PBXGroup;
			children = (
				3095CA952629C55C000C4A26 /* customView */,
				94F10D3D2620ECFD0063A25E /* viewController */,
				94F10D372620E96A0063A25E /* class */,
				18B677FB26110AD800E3B7E7 /* RestGuide */,
				18B677FA26110AD800E3B7E7 /* Products */,
				A7C6E300A7673907F8A33DF2 /* Pods */,
				7FC37F4C7415FB6DF2925D78 /* Frameworks */,
			);
			sourceTree = "<group>";
		};
		18B677FA26110AD800E3B7E7 /* Products */ = {
			isa = PBXGroup;
			children = (
				18B677F926110AD800E3B7E7 /* RestGuide.app */,
			);
			name = Products;
			sourceTree = "<group>";
		};
		18B677FB26110AD800E3B7E7 /* RestGuide */ = {
			isa = PBXGroup;
			children = (
				18B677FC26110AD900E3B7E7 /* AppDelegate.swift */,
				18B6780026110AD900E3B7E7 /* Main.storyboard */,
				18B6780326110AD900E3B7E7 /* Assets.xcassets */,
				18B6780526110AD900E3B7E7 /* LaunchScreen.storyboard */,
				18B6780826110AD900E3B7E7 /* Info.plist */,
				18B678142611394B00E3B7E7 /* CustomTableViewCell.swift */,
			);
			path = RestGuide;
			sourceTree = "<group>";
		};
		3095CA952629C55C000C4A26 /* customView */ = {
			isa = PBXGroup;
			children = (
				3095CA912629C533000C4A26 /* RoundBackButton.swift */,
			);
			path = customView;
			sourceTree = "<group>";
		};
		7FC37F4C7415FB6DF2925D78 /* Frameworks */ = {
			isa = PBXGroup;
			children = (
				9B0181AFE5B8799C30654F24 /* Pods_RestGuide.framework */,
			);
			name = Frameworks;
			sourceTree = "<group>";
		};
		94F10D372620E96A0063A25E /* class */ = {
			isa = PBXGroup;
			children = (
				94BE7DF32622117C008673E4 /* CosmosDistrib.swift */,
				94F10D392620EAED0063A25E /* DB.swift */,
				94BE7DDB2621ED46008673E4 /* global.swift */,
			);
			path = class;
			sourceTree = "<group>";
		};
		94F10D3D2620ECFD0063A25E /* viewController */ = {
			isa = PBXGroup;
			children = (
				18B677FE26110AD900E3B7E7 /* RestaurantsViewController.swift */,
				94F10D3F2620F1A50063A25E /* AddRestaurantsViewController.swift */,
				944D6ECF26223BD200876190 /* SearchRestaurantViewController.swift */,
				3054C6B72629FBD400D6BE7E /* RestaurantDetailViewController.swift */,
			);
			path = viewController;
			sourceTree = "<group>";
		};
		A7C6E300A7673907F8A33DF2 /* Pods */ = {
			isa = PBXGroup;
			children = (
				94FE11DFC0AFD249534D6ED1 /* Pods-RestGuide.debug.xcconfig */,
				9E2B917900A2FABE1D4C0424 /* Pods-RestGuide.release.xcconfig */,
			);
			path = Pods;
			sourceTree = "<group>";
		};
/* End PBXGroup section */

/* Begin PBXNativeTarget section */
		18B677F826110AD800E3B7E7 /* RestGuide */ = {
			isa = PBXNativeTarget;
			buildConfigurationList = 18B6780B26110AD900E3B7E7 /* Build configuration list for PBXNativeTarget "RestGuide" */;
			buildPhases = (
				8372EFF02C20AF7AE26B4C30 /* [CP] Check Pods Manifest.lock */,
				18B677F526110AD800E3B7E7 /* Sources */,
				18B677F626110AD800E3B7E7 /* Frameworks */,
				18B677F726110AD800E3B7E7 /* Resources */,
				D86AF57E4E2C7F5F310FCBD0 /* [CP] Embed Pods Frameworks */,
			);
			buildRules = (
			);
			dependencies = (
			);
			name = RestGuide;
			productName = RestGuide;
			productReference = 18B677F926110AD800E3B7E7 /* RestGuide.app */;
			productType = "com.apple.product-type.application";
		};
/* End PBXNativeTarget section */

/* Begin PBXProject section */
		18B677F126110AD800E3B7E7 /* Project object */ = {
			isa = PBXProject;
			attributes = {
				LastSwiftUpdateCheck = 1020;
				LastUpgradeCheck = 1020;
				ORGANIZATIONNAME = gbc;
				TargetAttributes = {
					18B677F826110AD800E3B7E7 = {
						CreatedOnToolsVersion = 10.2;
					};
				};
			};
			buildConfigurationList = 18B677F426110AD800E3B7E7 /* Build configuration list for PBXProject "RestGuide" */;
			compatibilityVersion = "Xcode 9.3";
			developmentRegion = en;
			hasScannedForEncodings = 0;
			knownRegions = (
				en,
				Base,
			);
			mainGroup = 18B677F026110AD800E3B7E7;
			productRefGroup = 18B677FA26110AD800E3B7E7 /* Products */;
			projectDirPath = "";
			projectRoot = "";
			targets = (
				18B677F826110AD800E3B7E7 /* RestGuide */,
			);
		};
/* End PBXProject section */

/* Begin PBXResourcesBuildPhase section */
		18B677F726110AD800E3B7E7 /* Resources */ = {
			isa = PBXResourcesBuildPhase;
			buildActionMask = 2147483647;
			files = (
				18B6780726110AD900E3B7E7 /* LaunchScreen.storyboard in Resources */,
				18B6780426110AD900E3B7E7 /* Assets.xcassets in Resources */,
				18B6780226110AD900E3B7E7 /* Main.storyboard in Resources */,
			);
			runOnlyForDeploymentPostprocessing = 0;
		};
/* End PBXResourcesBuildPhase section */

/* Begin PBXShellScriptBuildPhase section */
		8372EFF02C20AF7AE26B4C30 /* [CP] Check Pods Manifest.lock */ = {
			isa = PBXShellScriptBuildPhase;
			buildActionMask = 2147483647;
			files = (
			);
			inputFileListPaths = (
			);
			inputPaths = (
				"${PODS_PODFILE_DIR_PATH}/Podfile.lock",
				"${PODS_ROOT}/Manifest.lock",
			);
			name = "[CP] Check Pods Manifest.lock";
			outputFileListPaths = (
			);
			outputPaths = (
				"$(DERIVED_FILE_DIR)/Pods-RestGuide-checkManifestLockResult.txt",
			);
			runOnlyForDeploymentPostprocessing = 0;
			shellPath = /bin/sh;
			shellScript = "diff \"${PODS_PODFILE_DIR_PATH}/Podfile.lock\" \"${PODS_ROOT}/Manifest.lock\" > /dev/null\nif [ $? != 0 ] ; then\n    # print error to STDERR\n    echo \"error: The sandbox is not in sync with the Podfile.lock. Run 'pod install' or update your CocoaPods installation.\" >&2\n    exit 1\nfi\n# This output is used by Xcode 'outputs' to avoid re-running this script phase.\necho \"SUCCESS\" > \"${SCRIPT_OUTPUT_FILE_0}\"\n";
			showEnvVarsInLog = 0;
		};
		D86AF57E4E2C7F5F310FCBD0 /* [CP] Embed Pods Frameworks */ = {
			isa = PBXShellScriptBuildPhase;
			buildActionMask = 2147483647;
			files = (
			);
			inputFileListPaths = (
				"${PODS_ROOT}/Target Support Files/Pods-RestGuide/Pods-RestGuide-frameworks-${CONFIGURATION}-input-files.xcfilelist",
			);
			name = "[CP] Embed Pods Frameworks";
			outputFileListPaths = (
				"${PODS_ROOT}/Target Support Files/Pods-RestGuide/Pods-RestGuide-frameworks-${CONFIGURATION}-output-files.xcfilelist",
			);
			runOnlyForDeploymentPostprocessing = 0;
			shellPath = /bin/sh;
			shellScript = "\"${PODS_ROOT}/Target Support Files/Pods-RestGuide/Pods-RestGuide-frameworks.sh\"\n";
			showEnvVarsInLog = 0;
		};
/* End PBXShellScriptBuildPhase section */

/* Begin PBXSourcesBuildPhase section */
		18B677F526110AD800E3B7E7 /* Sources */ = {
			isa = PBXSourcesBuildPhase;
			buildActionMask = 2147483647;
			files = (
				94BE7DDC2621ED46008673E4 /* global.swift in Sources */,
				18B678152611394B00E3B7E7 /* CustomTableViewCell.swift in Sources */,
				3054C6B82629FBD400D6BE7E /* RestaurantDetailViewController.swift in Sources */,
				94F10D3A2620EAED0063A25E /* DB.swift in Sources */,
				94F10D402620F1A50063A25E /* AddRestaurantsViewController.swift in Sources */,
				94BE7DF42622117C008673E4 /* CosmosDistrib.swift in Sources */,
				3095CA922629C533000C4A26 /* RoundBackButton.swift in Sources */,
				944D6ED026223BD200876190 /* SearchRestaurantViewController.swift in Sources */,
				18B677FF26110AD900E3B7E7 /* RestaurantsViewController.swift in Sources */,
				18B677FD26110AD900E3B7E7 /* AppDelegate.swift in Sources */,
			);
			runOnlyForDeploymentPostprocessing = 0;
		};
/* End PBXSourcesBuildPhase section */

/* Begin PBXVariantGroup section */
		18B6780026110AD900E3B7E7 /* Main.storyboard */ = {
			isa = PBXVariantGroup;
			children = (
				18B6780126110AD900E3B7E7 /* Base */,
			);
			name = Main.storyboard;
			sourceTree = "<group>";
		};
		18B6780526110AD900E3B7E7 /* LaunchScreen.storyboard */ = {
			isa = PBXVariantGroup;
			children = (
				18B6780626110AD900E3B7E7 /* Base */,
			);
			name = LaunchScreen.storyboard;
			sourceTree = "<group>";
		};
/* End PBXVariantGroup section */

/* Begin XCBuildConfiguration section */
		18B6780926110AD900E3B7E7 /* Debug */ = {
			isa = XCBuildConfiguration;
			buildSettings = {
				ALWAYS_SEARCH_USER_PATHS = NO;
				CLANG_ANALYZER_NONNULL = YES;
				CLANG_ANALYZER_NUMBER_OBJECT_CONVERSION = YES_AGGRESSIVE;
				CLANG_CXX_LANGUAGE_STANDARD = "gnu++14";
				CLANG_CXX_LIBRARY = "libc++";
				CLANG_ENABLE_MODULES = YES;
				CLANG_ENABLE_OBJC_ARC = YES;
				CLANG_ENABLE_OBJC_WEAK = YES;
				CLANG_WARN_BLOCK_CAPTURE_AUTORELEASING = YES;
				CLANG_WARN_BOOL_CONVERSION = YES;
				CLANG_WARN_COMMA = YES;
				CLANG_WARN_CONSTANT_CONVERSION = YES;
				CLANG_WARN_DEPRECATED_OBJC_IMPLEMENTATIONS = YES;
				CLANG_WARN_DIRECT_OBJC_ISA_USAGE = YES_ERROR;
				CLANG_WARN_DOCUMENTATION_COMMENTS = YES;
				CLANG_WARN_EMPTY_BODY = YES;
				CLANG_WARN_ENUM_CONVERSION = YES;
				CLANG_WARN_INFINITE_RECURSION = YES;
				CLANG_WARN_INT_CONVERSION = YES;
				CLANG_WARN_NON_LITERAL_NULL_CONVERSION = YES;
				CLANG_WARN_OBJC_IMPLICIT_RETAIN_SELF = YES;
				CLANG_WARN_OBJC_LITERAL_CONVERSION = YES;
				CLANG_WARN_OBJC_ROOT_CLASS = YES_ERROR;
				CLANG_WARN_RANGE_LOOP_ANALYSIS = YES;
				CLANG_WARN_STRICT_PROTOTYPES = YES;
				CLANG_WARN_SUSPICIOUS_MOVE = YES;
				CLANG_WARN_UNGUARDED_AVAILABILITY = YES_AGGRESSIVE;
				CLANG_WARN_UNREACHABLE_CODE = YES;
				CLANG_WARN__DUPLICATE_METHOD_MATCH = YES;
				CODE_SIGN_IDENTITY = "iPhone Developer";
				COPY_PHASE_STRIP = NO;
				DEBUG_INFORMATION_FORMAT = dwarf;
				ENABLE_STRICT_OBJC_MSGSEND = YES;
				ENABLE_TESTABILITY = YES;
				GCC_C_LANGUAGE_STANDARD = gnu11;
				GCC_DYNAMIC_NO_PIC = NO;
				GCC_NO_COMMON_BLOCKS = YES;
				GCC_OPTIMIZATION_LEVEL = 0;
				GCC_PREPROCESSOR_DEFINITIONS = (
					"DEBUG=1",
					"$(inherited)",
				);
				GCC_WARN_64_TO_32_BIT_CONVERSION = YES;
				GCC_WARN_ABOUT_RETURN_TYPE = YES_ERROR;
				GCC_WARN_UNDECLARED_SELECTOR = YES;
				GCC_WARN_UNINITIALIZED_AUTOS = YES_AGGRESSIVE;
				GCC_WARN_UNUSED_FUNCTION = YES;
				GCC_WARN_UNUSED_VARIABLE = YES;
				IPHONEOS_DEPLOYMENT_TARGET = 12.2;
				MTL_ENABLE_DEBUG_INFO = INCLUDE_SOURCE;
				MTL_FAST_MATH = YES;
				ONLY_ACTIVE_ARCH = YES;
				SDKROOT = iphoneos;
				SWIFT_ACTIVE_COMPILATION_CONDITIONS = DEBUG;
				SWIFT_OPTIMIZATION_LEVEL = "-Onone";
			};
			name = Debug;
		};
		18B6780A26110AD900E3B7E7 /* Release */ = {
			isa = XCBuildConfiguration;
			buildSettings = {
				ALWAYS_SEARCH_USER_PATHS = NO;
				CLANG_ANALYZER_NONNULL = YES;
				CLANG_ANALYZER_NUMBER_OBJECT_CONVERSION = YES_AGGRESSIVE;
				CLANG_CXX_LANGUAGE_STANDARD = "gnu++14";
				CLANG_CXX_LIBRARY = "libc++";
				CLANG_ENABLE_MODULES = YES;
				CLANG_ENABLE_OBJC_ARC = YES;
				CLANG_ENABLE_OBJC_WEAK = YES;
				CLANG_WARN_BLOCK_CAPTURE_AUTORELEASING = YES;
				CLANG_WARN_BOOL_CONVERSION = YES;
				CLANG_WARN_COMMA = YES;
				CLANG_WARN_CONSTANT_CONVERSION = YES;
				CLANG_WARN_DEPRECATED_OBJC_IMPLEMENTATIONS = YES;
				CLANG_WARN_DIRECT_OBJC_ISA_USAGE = YES_ERROR;
				CLANG_WARN_DOCUMENTATION_COMMENTS = YES;
				CLANG_WARN_EMPTY_BODY = YES;
				CLANG_WARN_ENUM_CONVERSION = YES;
				CLANG_WARN_INFINITE_RECURSION = YES;
				CLANG_WARN_INT_CONVERSION = YES;
				CLANG_WARN_NON_LITERAL_NULL_CONVERSION = YES;
				CLANG_WARN_OBJC_IMPLICIT_RETAIN_SELF = YES;
				CLANG_WARN_OBJC_LITERAL_CONVERSION = YES;
				CLANG_WARN_OBJC_ROOT_CLASS = YES_ERROR;
				CLANG_WARN_RANGE_LOOP_ANALYSIS = YES;
				CLANG_WARN_STRICT_PROTOTYPES = YES;
				CLANG_WARN_SUSPICIOUS_MOVE = YES;
				CLANG_WARN_UNGUARDED_AVAILABILITY = YES_AGGRESSIVE;
				CLANG_WARN_UNREACHABLE_CODE = YES;
				CLANG_WARN__DUPLICATE_METHOD_MATCH = YES;
				CODE_SIGN_IDENTITY = "iPhone Developer";
				COPY_PHASE_STRIP = NO;
				DEBUG_INFORMATION_FORMAT = "dwarf-with-dsym";
				ENABLE_NS_ASSERTIONS = NO;
				ENABLE_STRICT_OBJC_MSGSEND = YES;
				GCC_C_LANGUAGE_STANDARD = gnu11;
				GCC_NO_COMMON_BLOCKS = YES;
				GCC_WARN_64_TO_32_BIT_CONVERSION = YES;
				GCC_WARN_ABOUT_RETURN_TYPE = YES_ERROR;
				GCC_WARN_UNDECLARED_SELECTOR = YES;
				GCC_WARN_UNINITIALIZED_AUTOS = YES_AGGRESSIVE;
				GCC_WARN_UNUSED_FUNCTION = YES;
				GCC_WARN_UNUSED_VARIABLE = YES;
				IPHONEOS_DEPLOYMENT_TARGET = 12.2;
				MTL_ENABLE_DEBUG_INFO = NO;
				MTL_FAST_MATH = YES;
				SDKROOT = iphoneos;
				SWIFT_COMPILATION_MODE = wholemodule;
				SWIFT_OPTIMIZATION_LEVEL = "-O";
				VALIDATE_PRODUCT = YES;
			};
			name = Release;
		};
		18B6780C26110AD900E3B7E7 /* Debug */ = {
			isa = XCBuildConfiguration;
			baseConfigurationReference = 94FE11DFC0AFD249534D6ED1 /* Pods-RestGuide.debug.xcconfig */;
			buildSettings = {
				ASSETCATALOG_COMPILER_APPICON_NAME = AppIcon;
				CODE_SIGN_STYLE = Automatic;
				INFOPLIST_FILE = RestGuide/Info.plist;
				LD_RUNPATH_SEARCH_PATHS = (
					"$(inherited)",
					"@executable_path/Frameworks",
				);
				PRODUCT_BUNDLE_IDENTIFIER = georgebrown.gbc.RestGuide;
				PRODUCT_NAME = "$(TARGET_NAME)";
				SWIFT_VERSION = 5.0;
				TARGETED_DEVICE_FAMILY = "1,2";
			};
			name = Debug;
		};
		18B6780D26110AD900E3B7E7 /* Release */ = {
			isa = XCBuildConfiguration;
			baseConfigurationReference = 9E2B917900A2FABE1D4C0424 /* Pods-RestGuide.release.xcconfig */;
			buildSettings = {
				ASSETCATALOG_COMPILER_APPICON_NAME = AppIcon;
				CODE_SIGN_STYLE = Automatic;
				INFOPLIST_FILE = RestGuide/Info.plist;
				LD_RUNPATH_SEARCH_PATHS = (
					"$(inherited)",
					"@executable_path/Frameworks",
				);
				PRODUCT_BUNDLE_IDENTIFIER = georgebrown.gbc.RestGuide;
				PRODUCT_NAME = "$(TARGET_NAME)";
				SWIFT_VERSION = 5.0;
				TARGETED_DEVICE_FAMILY = "1,2";
			};
			name = Release;
		};
/* End XCBuildConfiguration section */

/* Begin XCConfigurationList section */
		18B677F426110AD800E3B7E7 /* Build configuration list for PBXProject "RestGuide" */ = {
			isa = XCConfigurationList;
			buildConfigurations = (
				18B6780926110AD900E3B7E7 /* Debug */,
				18B6780A26110AD900E3B7E7 /* Release */,
			);
			defaultConfigurationIsVisible = 0;
			defaultConfigurationName = Release;
		};
		18B6780B26110AD900E3B7E7 /* Build configuration list for PBXNativeTarget "RestGuide" */ = {
			isa = XCConfigurationList;
			buildConfigurations = (
				18B6780C26110AD900E3B7E7 /* Debug */,
				18B6780D26110AD900E3B7E7 /* Release */,
			);
			defaultConfigurationIsVisible = 0;
			defaultConfigurationName = Release;
		};
/* End XCConfigurationList section */
	};
	rootObject = 18B677F126110AD800E3B7E7 /* Project object */;
}
